{
  "version": 4,
  "terraform_version": "1.6.3",
  "serial": 372,
  "lineage": "64ab7882-0523-7928-634e-e9af434afd23",
  "outputs": {},
  "resources": [
    {
      "mode": "data",
      "type": "apstra_logical_device",
      "name": "selected",
      "provider": "provider[\"registry.terraform.io/juniper/apstra\"]",
      "instances": [
        {
          "index_key": "AOS-20x1+4x10-vEX9214",
          "schema_version": 0,
          "attributes": {
            "id": "AOS-20x1_4x10-vEX9214",
            "name": "AOS-20x1+4x10-vEX9214",
            "panels": [
              {
                "columns": 10,
                "port_groups": [
                  {
                    "port_count": 10,
                    "port_roles": [
                      "access",
                      "generic",
                      "leaf",
                      "peer",
                      "spine",
                      "superspine",
                      "unused"
                    ],
                    "port_speed": "1G"
                  }
                ],
                "rows": 1
              },
              {
                "columns": 10,
                "port_groups": [
                  {
                    "port_count": 10,
                    "port_roles": [
                      "access",
                      "generic",
                      "leaf",
                      "peer",
                      "spine",
                      "superspine",
                      "unused"
                    ],
                    "port_speed": "1G"
                  }
                ],
                "rows": 1
              },
              {
                "columns": 2,
                "port_groups": [
                  {
                    "port_count": 2,
                    "port_roles": [
                      "access",
                      "generic",
                      "leaf",
                      "peer",
                      "spine",
                      "superspine",
                      "unused"
                    ],
                    "port_speed": "10G"
                  }
                ],
                "rows": 1
              },
              {
                "columns": 2,
                "port_groups": [
                  {
                    "port_count": 2,
                    "port_roles": [
                      "access",
                      "generic",
                      "leaf",
                      "peer",
                      "spine",
                      "superspine",
                      "unused"
                    ],
                    "port_speed": "10G"
                  }
                ],
                "rows": 1
              }
            ]
          },
          "sensitive_attributes": []
        }
      ]
    },
    {
      "mode": "data",
      "type": "apstra_logical_device",
      "name": "spines",
      "provider": "provider[\"registry.terraform.io/juniper/apstra\"]",
      "instances": [
        {
          "index_key": "AOS-20x1+4x10-vEX9214",
          "schema_version": 0,
          "attributes": {
            "id": "AOS-20x1_4x10-vEX9214",
            "name": "AOS-20x1+4x10-vEX9214",
            "panels": [
              {
                "columns": 10,
                "port_groups": [
                  {
                    "port_count": 10,
                    "port_roles": [
                      "access",
                      "generic",
                      "leaf",
                      "peer",
                      "spine",
                      "superspine",
                      "unused"
                    ],
                    "port_speed": "1G"
                  }
                ],
                "rows": 1
              },
              {
                "columns": 10,
                "port_groups": [
                  {
                    "port_count": 10,
                    "port_roles": [
                      "access",
                      "generic",
                      "leaf",
                      "peer",
                      "spine",
                      "superspine",
                      "unused"
                    ],
                    "port_speed": "1G"
                  }
                ],
                "rows": 1
              },
              {
                "columns": 2,
                "port_groups": [
                  {
                    "port_count": 2,
                    "port_roles": [
                      "access",
                      "generic",
                      "leaf",
                      "peer",
                      "spine",
                      "superspine",
                      "unused"
                    ],
                    "port_speed": "10G"
                  }
                ],
                "rows": 1
              },
              {
                "columns": 2,
                "port_groups": [
                  {
                    "port_count": 2,
                    "port_roles": [
                      "access",
                      "generic",
                      "leaf",
                      "peer",
                      "spine",
                      "superspine",
                      "unused"
                    ],
                    "port_speed": "10G"
                  }
                ],
                "rows": 1
              }
            ]
          },
          "sensitive_attributes": []
        }
      ]
    },
    {
      "mode": "data",
      "type": "apstra_rack_type",
      "name": "each",
      "provider": "provider[\"registry.terraform.io/juniper/apstra\"]",
      "instances": [
        {
          "index_key": "L2_Compute",
          "schema_version": 0,
          "attributes": {
            "access_switches": null,
            "description": null,
            "fabric_connectivity_design": "l3clos",
            "generic_systems": {
              "generic": {
                "count": 40,
                "links": {
                  "link": {
                    "lag_mode": null,
                    "links_per_switch": 1,
                    "speed": "10G",
                    "switch_peer": null,
                    "tag_ids": null,
                    "tags": null,
                    "target_switch_name": "leaf"
                  }
                },
                "logical_device": {
                  "id": null,
                  "name": "AOS-1x10-1",
                  "panels": [
                    {
                      "columns": 1,
                      "port_groups": [
                        {
                          "port_count": 1,
                          "port_roles": [
                            "access",
                            "leaf"
                          ],
                          "port_speed": "10G"
                        }
                      ],
                      "rows": 1
                    }
                  ]
                },
                "logical_device_id": null,
                "port_channel_id_max": 0,
                "port_channel_id_min": 0,
                "tag_ids": null,
                "tags": null
              }
            },
            "id": "L2_Compute",
            "leaf_switches": {
              "leaf": {
                "logical_device": {
                  "id": null,
                  "name": "AOS-48x10+6x40-1",
                  "panels": [
                    {
                      "columns": 24,
                      "port_groups": [
                        {
                          "port_count": 48,
                          "port_roles": [
                            "access",
                            "generic",
                            "peer"
                          ],
                          "port_speed": "10G"
                        }
                      ],
                      "rows": 2
                    },
                    {
                      "columns": 3,
                      "port_groups": [
                        {
                          "port_count": 6,
                          "port_roles": [
                            "generic",
                            "spine"
                          ],
                          "port_speed": "40G"
                        }
                      ],
                      "rows": 2
                    }
                  ]
                },
                "logical_device_id": null,
                "mlag_info": null,
                "redundancy_protocol": null,
                "spine_link_count": 2,
                "spine_link_speed": "40G",
                "tag_ids": null,
                "tags": null
              }
            },
            "name": "L2 Compute"
          },
          "sensitive_attributes": []
        },
        {
          "index_key": "L2_ESI_Access_dual",
          "schema_version": 0,
          "attributes": {
            "access_switches": {
              "access": {
                "count": 1,
                "esi_lag_info": {
                  "l3_peer_link_count": 1,
                  "l3_peer_link_speed": "10G"
                },
                "links": {
                  "link": {
                    "lag_mode": "lacp_active",
                    "links_per_switch": 1,
                    "speed": "10G",
                    "switch_peer": null,
                    "tag_ids": null,
                    "tags": null,
                    "target_switch_name": "leaf"
                  }
                },
                "logical_device": {
                  "id": null,
                  "name": "AOS-8x10-1",
                  "panels": [
                    {
                      "columns": 4,
                      "port_groups": [
                        {
                          "port_count": 8,
                          "port_roles": [
                            "access",
                            "generic",
                            "leaf",
                            "peer"
                          ],
                          "port_speed": "10G"
                        }
                      ],
                      "rows": 2
                    }
                  ]
                },
                "logical_device_id": null,
                "redundancy_protocol": "esi",
                "tag_ids": null,
                "tags": null
              }
            },
            "description": null,
            "fabric_connectivity_design": "l3clos",
            "generic_systems": {
              "generic1": {
                "count": 1,
                "links": {
                  "link": {
                    "lag_mode": "lacp_active",
                    "links_per_switch": 1,
                    "speed": "10G",
                    "switch_peer": "first",
                    "tag_ids": null,
                    "tags": null,
                    "target_switch_name": "access"
                  }
                },
                "logical_device": {
                  "id": null,
                  "name": "AOS-2x10-1",
                  "panels": [
                    {
                      "columns": 2,
                      "port_groups": [
                        {
                          "port_count": 2,
                          "port_roles": [
                            "access",
                            "leaf"
                          ],
                          "port_speed": "10G"
                        }
                      ],
                      "rows": 1
                    }
                  ]
                },
                "logical_device_id": null,
                "port_channel_id_max": 0,
                "port_channel_id_min": 0,
                "tag_ids": null,
                "tags": null
              },
              "generic2": {
                "count": 2,
                "links": {
                  "link": {
                    "lag_mode": "lacp_active",
                    "links_per_switch": 1,
                    "speed": "10G",
                    "switch_peer": null,
                    "tag_ids": null,
                    "tags": null,
                    "target_switch_name": "access"
                  }
                },
                "logical_device": {
                  "id": null,
                  "name": "AOS-2x10-1",
                  "panels": [
                    {
                      "columns": 2,
                      "port_groups": [
                        {
                          "port_count": 2,
                          "port_roles": [
                            "access",
                            "leaf"
                          ],
                          "port_speed": "10G"
                        }
                      ],
                      "rows": 1
                    }
                  ]
                },
                "logical_device_id": null,
                "port_channel_id_max": 0,
                "port_channel_id_min": 0,
                "tag_ids": null,
                "tags": null
              }
            },
            "id": "L2_ESI_Access_dual",
            "leaf_switches": {
              "leaf": {
                "logical_device": {
                  "id": null,
                  "name": "AOS-7x10-Leaf",
                  "panels": [
                    {
                      "columns": 7,
                      "port_groups": [
                        {
                          "port_count": 2,
                          "port_roles": [
                            "leaf",
                            "spine"
                          ],
                          "port_speed": "10G"
                        },
                        {
                          "port_count": 2,
                          "port_roles": [
                            "peer"
                          ],
                          "port_speed": "10G"
                        },
                        {
                          "port_count": 2,
                          "port_roles": [
                            "access",
                            "generic"
                          ],
                          "port_speed": "10G"
                        },
                        {
                          "port_count": 1,
                          "port_roles": [
                            "generic"
                          ],
                          "port_speed": "10G"
                        }
                      ],
                      "rows": 1
                    }
                  ]
                },
                "logical_device_id": null,
                "mlag_info": null,
                "redundancy_protocol": "esi",
                "spine_link_count": 1,
                "spine_link_speed": "10G",
                "tag_ids": null,
                "tags": null
              }
            },
            "name": "L2 ESI Acs Dual"
          },
          "sensitive_attributes": []
        },
        {
          "index_key": "L2_ESI_Access_single",
          "schema_version": 0,
          "attributes": {
            "access_switches": {
              "access": {
                "count": 1,
                "esi_lag_info": {
                  "l3_peer_link_count": 1,
                  "l3_peer_link_speed": "10G"
                },
                "links": {
                  "link": {
                    "lag_mode": "lacp_active",
                    "links_per_switch": 1,
                    "speed": "10G",
                    "switch_peer": null,
                    "tag_ids": null,
                    "tags": null,
                    "target_switch_name": "leaf"
                  }
                },
                "logical_device": {
                  "id": null,
                  "name": "AOS-8x10-1",
                  "panels": [
                    {
                      "columns": 4,
                      "port_groups": [
                        {
                          "port_count": 8,
                          "port_roles": [
                            "access",
                            "generic",
                            "leaf",
                            "peer"
                          ],
                          "port_speed": "10G"
                        }
                      ],
                      "rows": 2
                    }
                  ]
                },
                "logical_device_id": null,
                "redundancy_protocol": "esi",
                "tag_ids": null,
                "tags": null
              }
            },
            "description": null,
            "fabric_connectivity_design": "l3clos",
            "generic_systems": {
              "generic1": {
                "count": 1,
                "links": {
                  "link": {
                    "lag_mode": "lacp_active",
                    "links_per_switch": 1,
                    "speed": "10G",
                    "switch_peer": null,
                    "tag_ids": null,
                    "tags": null,
                    "target_switch_name": "access"
                  }
                },
                "logical_device": {
                  "id": null,
                  "name": "AOS-2x10-1",
                  "panels": [
                    {
                      "columns": 2,
                      "port_groups": [
                        {
                          "port_count": 2,
                          "port_roles": [
                            "access",
                            "leaf"
                          ],
                          "port_speed": "10G"
                        }
                      ],
                      "rows": 1
                    }
                  ]
                },
                "logical_device_id": null,
                "port_channel_id_max": 0,
                "port_channel_id_min": 0,
                "tag_ids": null,
                "tags": null
              },
              "generic2": {
                "count": 1,
                "links": {
                  "link": {
                    "lag_mode": "lacp_active",
                    "links_per_switch": 1,
                    "speed": "10G",
                    "switch_peer": "second",
                    "tag_ids": null,
                    "tags": null,
                    "target_switch_name": "access"
                  }
                },
                "logical_device": {
                  "id": null,
                  "name": "AOS-2x10-1",
                  "panels": [
                    {
                      "columns": 2,
                      "port_groups": [
                        {
                          "port_count": 2,
                          "port_roles": [
                            "access",
                            "leaf"
                          ],
                          "port_speed": "10G"
                        }
                      ],
                      "rows": 1
                    }
                  ]
                },
                "logical_device_id": null,
                "port_channel_id_max": 0,
                "port_channel_id_min": 0,
                "tag_ids": null,
                "tags": null
              }
            },
            "id": "L2_ESI_Access_single",
            "leaf_switches": {
              "leaf": {
                "logical_device": {
                  "id": null,
                  "name": "AOS-7x10-Leaf",
                  "panels": [
                    {
                      "columns": 7,
                      "port_groups": [
                        {
                          "port_count": 2,
                          "port_roles": [
                            "leaf",
                            "spine"
                          ],
                          "port_speed": "10G"
                        },
                        {
                          "port_count": 2,
                          "port_roles": [
                            "peer"
                          ],
                          "port_speed": "10G"
                        },
                        {
                          "port_count": 2,
                          "port_roles": [
                            "access",
                            "generic"
                          ],
                          "port_speed": "10G"
                        },
                        {
                          "port_count": 1,
                          "port_roles": [
                            "generic"
                          ],
                          "port_speed": "10G"
                        }
                      ],
                      "rows": 1
                    }
                  ]
                },
                "logical_device_id": null,
                "mlag_info": null,
                "redundancy_protocol": "esi",
                "spine_link_count": 1,
                "spine_link_speed": "10G",
                "tag_ids": null,
                "tags": null
              }
            },
            "name": "L2 ESI Acs Single"
          },
          "sensitive_attributes": []
        },
        {
          "index_key": "L2_HPC",
          "schema_version": 0,
          "attributes": {
            "access_switches": null,
            "description": null,
            "fabric_connectivity_design": "l3clos",
            "generic_systems": {
              "generic": {
                "count": 16,
                "links": {
                  "link": {
                    "lag_mode": null,
                    "links_per_switch": 1,
                    "speed": "40G",
                    "switch_peer": null,
                    "tag_ids": null,
                    "tags": null,
                    "target_switch_name": "leaf"
                  }
                },
                "logical_device": {
                  "id": null,
                  "name": "AOS-1x40-1",
                  "panels": [
                    {
                      "columns": 1,
                      "port_groups": [
                        {
                          "port_count": 1,
                          "port_roles": [
                            "access",
                            "leaf"
                          ],
                          "port_speed": "40G"
                        }
                      ],
                      "rows": 1
                    }
                  ]
                },
                "logical_device_id": null,
                "port_channel_id_max": 0,
                "port_channel_id_min": 0,
                "tag_ids": null,
                "tags": null
              }
            },
            "id": "L2_HPC",
            "leaf_switches": {
              "leaf": {
                "logical_device": {
                  "id": null,
                  "name": "AOS-32x40-2",
                  "panels": [
                    {
                      "columns": 16,
                      "port_groups": [
                        {
                          "port_count": 16,
                          "port_roles": [
                            "access",
                            "generic"
                          ],
                          "port_speed": "40G"
                        },
                        {
                          "port_count": 16,
                          "port_roles": [
                            "generic",
                            "peer",
                            "spine"
                          ],
                          "port_speed": "40G"
                        }
                      ],
                      "rows": 2
                    }
                  ]
                },
                "logical_device_id": null,
                "mlag_info": null,
                "redundancy_protocol": null,
                "spine_link_count": 4,
                "spine_link_speed": "40G",
                "tag_ids": null,
                "tags": null
              }
            },
            "name": "L2 HPC"
          },
          "sensitive_attributes": []
        },
        {
          "index_key": "L2_MLAG_1x_access",
          "schema_version": 0,
          "attributes": {
            "access_switches": {
              "access": {
                "count": 1,
                "esi_lag_info": null,
                "links": {
                  "leaf_link": {
                    "lag_mode": "lacp_active",
                    "links_per_switch": 2,
                    "speed": "10G",
                    "switch_peer": null,
                    "tag_ids": null,
                    "tags": null,
                    "target_switch_name": "leaf"
                  }
                },
                "logical_device": {
                  "id": null,
                  "name": "AOS-8x10-1",
                  "panels": [
                    {
                      "columns": 4,
                      "port_groups": [
                        {
                          "port_count": 8,
                          "port_roles": [
                            "access",
                            "generic",
                            "leaf",
                            "peer"
                          ],
                          "port_speed": "10G"
                        }
                      ],
                      "rows": 2
                    }
                  ]
                },
                "logical_device_id": null,
                "redundancy_protocol": null,
                "tag_ids": null,
                "tags": null
              }
            },
            "description": null,
            "fabric_connectivity_design": "l3clos",
            "generic_systems": {
              "generic": {
                "count": 2,
                "links": {
                  "link": {
                    "lag_mode": null,
                    "links_per_switch": 1,
                    "speed": "10G",
                    "switch_peer": null,
                    "tag_ids": null,
                    "tags": null,
                    "target_switch_name": "access"
                  }
                },
                "logical_device": {
                  "id": null,
                  "name": "AOS-2x10-1",
                  "panels": [
                    {
                      "columns": 2,
                      "port_groups": [
                        {
                          "port_count": 2,
                          "port_roles": [
                            "access",
                            "leaf"
                          ],
                          "port_speed": "10G"
                        }
                      ],
                      "rows": 1
                    }
                  ]
                },
                "logical_device_id": null,
                "port_channel_id_max": 0,
                "port_channel_id_min": 0,
                "tag_ids": null,
                "tags": null
              }
            },
            "id": "L2_MLAG_1x_access",
            "leaf_switches": {
              "leaf": {
                "logical_device": {
                  "id": null,
                  "name": "AOS-7x10-Leaf",
                  "panels": [
                    {
                      "columns": 7,
                      "port_groups": [
                        {
                          "port_count": 2,
                          "port_roles": [
                            "leaf",
                            "spine"
                          ],
                          "port_speed": "10G"
                        },
                        {
                          "port_count": 2,
                          "port_roles": [
                            "peer"
                          ],
                          "port_speed": "10G"
                        },
                        {
                          "port_count": 2,
                          "port_roles": [
                            "access",
                            "generic"
                          ],
                          "port_speed": "10G"
                        },
                        {
                          "port_count": 1,
                          "port_roles": [
                            "generic"
                          ],
                          "port_speed": "10G"
                        }
                      ],
                      "rows": 1
                    }
                  ]
                },
                "logical_device_id": null,
                "mlag_info": {
                  "l3_peer_link_count": null,
                  "l3_peer_link_port_channel_id": null,
                  "l3_peer_link_speed": null,
                  "mlag_keepalive_vlan": 2999,
                  "peer_link_count": 2,
                  "peer_link_port_channel_id": 0,
                  "peer_link_speed": "10G"
                },
                "redundancy_protocol": "mlag",
                "spine_link_count": 1,
                "spine_link_speed": "10G",
                "tag_ids": null,
                "tags": null
              }
            },
            "name": "L2 MLAG 1x access"
          },
          "sensitive_attributes": []
        },
        {
          "index_key": "L2_MLAG_2x_access",
          "schema_version": 0,
          "attributes": {
            "access_switches": {
              "access": {
                "count": 2,
                "esi_lag_info": null,
                "links": {
                  "leaf_link": {
                    "lag_mode": "lacp_active",
                    "links_per_switch": 2,
                    "speed": "10G",
                    "switch_peer": null,
                    "tag_ids": null,
                    "tags": null,
                    "target_switch_name": "leaf"
                  }
                },
                "logical_device": {
                  "id": null,
                  "name": "AOS-8x10-1",
                  "panels": [
                    {
                      "columns": 4,
                      "port_groups": [
                        {
                          "port_count": 8,
                          "port_roles": [
                            "access",
                            "generic",
                            "leaf",
                            "peer"
                          ],
                          "port_speed": "10G"
                        }
                      ],
                      "rows": 2
                    }
                  ]
                },
                "logical_device_id": null,
                "redundancy_protocol": null,
                "tag_ids": null,
                "tags": null
              }
            },
            "description": null,
            "fabric_connectivity_design": "l3clos",
            "generic_systems": {
              "generic": {
                "count": 2,
                "links": {
                  "link": {
                    "lag_mode": null,
                    "links_per_switch": 1,
                    "speed": "10G",
                    "switch_peer": null,
                    "tag_ids": null,
                    "tags": null,
                    "target_switch_name": "access"
                  }
                },
                "logical_device": {
                  "id": null,
                  "name": "AOS-2x10-1",
                  "panels": [
                    {
                      "columns": 2,
                      "port_groups": [
                        {
                          "port_count": 2,
                          "port_roles": [
                            "access",
                            "leaf"
                          ],
                          "port_speed": "10G"
                        }
                      ],
                      "rows": 1
                    }
                  ]
                },
                "logical_device_id": null,
                "port_channel_id_max": 0,
                "port_channel_id_min": 0,
                "tag_ids": null,
                "tags": null
              }
            },
            "id": "L2_MLAG_2x_access",
            "leaf_switches": {
              "leaf": {
                "logical_device": {
                  "id": null,
                  "name": "AOS-9x10-Leaf",
                  "panels": [
                    {
                      "columns": 9,
                      "port_groups": [
                        {
                          "port_count": 2,
                          "port_roles": [
                            "leaf",
                            "spine"
                          ],
                          "port_speed": "10G"
                        },
                        {
                          "port_count": 2,
                          "port_roles": [
                            "peer"
                          ],
                          "port_speed": "10G"
                        },
                        {
                          "port_count": 4,
                          "port_roles": [
                            "access",
                            "generic"
                          ],
                          "port_speed": "10G"
                        },
                        {
                          "port_count": 1,
                          "port_roles": [
                            "generic"
                          ],
                          "port_speed": "10G"
                        }
                      ],
                      "rows": 1
                    }
                  ]
                },
                "logical_device_id": null,
                "mlag_info": {
                  "l3_peer_link_count": null,
                  "l3_peer_link_port_channel_id": null,
                  "l3_peer_link_speed": null,
                  "mlag_keepalive_vlan": 2999,
                  "peer_link_count": 2,
                  "peer_link_port_channel_id": 0,
                  "peer_link_speed": "10G"
                },
                "redundancy_protocol": "mlag",
                "spine_link_count": 1,
                "spine_link_speed": "10G",
                "tag_ids": null,
                "tags": null
              }
            },
            "name": "L2 MLAG 2x access"
          },
          "sensitive_attributes": []
        },
        {
          "index_key": "L2_MLAG_single_with_acs",
          "schema_version": 0,
          "attributes": {
            "access_switches": {
              "access": {
                "count": 1,
                "esi_lag_info": null,
                "links": {
                  "leaf_link2": {
                    "lag_mode": "lacp_active",
                    "links_per_switch": 2,
                    "speed": "10G",
                    "switch_peer": null,
                    "tag_ids": null,
                    "tags": null,
                    "target_switch_name": "single_leaf"
                  }
                },
                "logical_device": {
                  "id": null,
                  "name": "AOS-8x10-1",
                  "panels": [
                    {
                      "columns": 4,
                      "port_groups": [
                        {
                          "port_count": 8,
                          "port_roles": [
                            "access",
                            "generic",
                            "leaf",
                            "peer"
                          ],
                          "port_speed": "10G"
                        }
                      ],
                      "rows": 2
                    }
                  ]
                },
                "logical_device_id": null,
                "redundancy_protocol": null,
                "tag_ids": null,
                "tags": null
              },
              "access_2x": {
                "count": 2,
                "esi_lag_info": null,
                "links": {
                  "leaf_link1": {
                    "lag_mode": "lacp_active",
                    "links_per_switch": 2,
                    "speed": "10G",
                    "switch_peer": null,
                    "tag_ids": null,
                    "tags": null,
                    "target_switch_name": "mlag_leaf"
                  }
                },
                "logical_device": {
                  "id": null,
                  "name": "AOS-8x10-1",
                  "panels": [
                    {
                      "columns": 4,
                      "port_groups": [
                        {
                          "port_count": 8,
                          "port_roles": [
                            "access",
                            "generic",
                            "leaf",
                            "peer"
                          ],
                          "port_speed": "10G"
                        }
                      ],
                      "rows": 2
                    }
                  ]
                },
                "logical_device_id": null,
                "redundancy_protocol": null,
                "tag_ids": null,
                "tags": null
              }
            },
            "description": null,
            "fabric_connectivity_design": "l3clos",
            "generic_systems": {
              "generic1": {
                "count": 2,
                "links": {
                  "link1": {
                    "lag_mode": null,
                    "links_per_switch": 1,
                    "speed": "10G",
                    "switch_peer": null,
                    "tag_ids": null,
                    "tags": null,
                    "target_switch_name": "access"
                  }
                },
                "logical_device": {
                  "id": null,
                  "name": "AOS-2x10-1",
                  "panels": [
                    {
                      "columns": 2,
                      "port_groups": [
                        {
                          "port_count": 2,
                          "port_roles": [
                            "access",
                            "leaf"
                          ],
                          "port_speed": "10G"
                        }
                      ],
                      "rows": 1
                    }
                  ]
                },
                "logical_device_id": null,
                "port_channel_id_max": 0,
                "port_channel_id_min": 0,
                "tag_ids": null,
                "tags": null
              },
              "generic2": {
                "count": 2,
                "links": {
                  "link2": {
                    "lag_mode": null,
                    "links_per_switch": 1,
                    "speed": "10G",
                    "switch_peer": null,
                    "tag_ids": null,
                    "tags": null,
                    "target_switch_name": "access_2x"
                  }
                },
                "logical_device": {
                  "id": null,
                  "name": "AOS-2x10-1",
                  "panels": [
                    {
                      "columns": 2,
                      "port_groups": [
                        {
                          "port_count": 2,
                          "port_roles": [
                            "access",
                            "leaf"
                          ],
                          "port_speed": "10G"
                        }
                      ],
                      "rows": 1
                    }
                  ]
                },
                "logical_device_id": null,
                "port_channel_id_max": 0,
                "port_channel_id_min": 0,
                "tag_ids": null,
                "tags": null
              }
            },
            "id": "L2_MLAG_single_with_acs",
            "leaf_switches": {
              "mlag_leaf": {
                "logical_device": {
                  "id": null,
                  "name": "AOS-9x10-Leaf",
                  "panels": [
                    {
                      "columns": 9,
                      "port_groups": [
                        {
                          "port_count": 2,
                          "port_roles": [
                            "leaf",
                            "spine"
                          ],
                          "port_speed": "10G"
                        },
                        {
                          "port_count": 2,
                          "port_roles": [
                            "peer"
                          ],
                          "port_speed": "10G"
                        },
                        {
                          "port_count": 4,
                          "port_roles": [
                            "access",
                            "generic"
                          ],
                          "port_speed": "10G"
                        },
                        {
                          "port_count": 1,
                          "port_roles": [
                            "generic"
                          ],
                          "port_speed": "10G"
                        }
                      ],
                      "rows": 1
                    }
                  ]
                },
                "logical_device_id": null,
                "mlag_info": {
                  "l3_peer_link_count": null,
                  "l3_peer_link_port_channel_id": null,
                  "l3_peer_link_speed": null,
                  "mlag_keepalive_vlan": 2999,
                  "peer_link_count": 2,
                  "peer_link_port_channel_id": 0,
                  "peer_link_speed": "10G"
                },
                "redundancy_protocol": "mlag",
                "spine_link_count": 1,
                "spine_link_speed": "10G",
                "tag_ids": null,
                "tags": null
              },
              "single_leaf": {
                "logical_device": {
                  "id": null,
                  "name": "AOS-9x10-Leaf",
                  "panels": [
                    {
                      "columns": 9,
                      "port_groups": [
                        {
                          "port_count": 2,
                          "port_roles": [
                            "leaf",
                            "spine"
                          ],
                          "port_speed": "10G"
                        },
                        {
                          "port_count": 2,
                          "port_roles": [
                            "peer"
                          ],
                          "port_speed": "10G"
                        },
                        {
                          "port_count": 4,
                          "port_roles": [
                            "access",
                            "generic"
                          ],
                          "port_speed": "10G"
                        },
                        {
                          "port_count": 1,
                          "port_roles": [
                            "generic"
                          ],
                          "port_speed": "10G"
                        }
                      ],
                      "rows": 1
                    }
                  ]
                },
                "logical_device_id": null,
                "mlag_info": null,
                "redundancy_protocol": null,
                "spine_link_count": 1,
                "spine_link_speed": "10G",
                "tag_ids": null,
                "tags": null
              }
            },
            "name": "L2 MLAG 2acs+1lef"
          },
          "sensitive_attributes": []
        },
        {
          "index_key": "L2_Virtual",
          "schema_version": 0,
          "attributes": {
            "access_switches": null,
            "description": null,
            "fabric_connectivity_design": "l3clos",
            "generic_systems": {
              "generic": {
                "count": 2,
                "links": {
                  "link": {
                    "lag_mode": null,
                    "links_per_switch": 1,
                    "speed": "10G",
                    "switch_peer": null,
                    "tag_ids": null,
                    "tags": null,
                    "target_switch_name": "leaf"
                  }
                },
                "logical_device": {
                  "id": null,
                  "name": "AOS-1x10-1",
                  "panels": [
                    {
                      "columns": 1,
                      "port_groups": [
                        {
                          "port_count": 1,
                          "port_roles": [
                            "access",
                            "leaf"
                          ],
                          "port_speed": "10G"
                        }
                      ],
                      "rows": 1
                    }
                  ]
                },
                "logical_device_id": null,
                "port_channel_id_max": 0,
                "port_channel_id_min": 0,
                "tag_ids": null,
                "tags": null
              }
            },
            "id": "L2_Virtual",
            "leaf_switches": {
              "leaf": {
                "logical_device": {
                  "id": null,
                  "name": "AOS-7x10-Leaf",
                  "panels": [
                    {
                      "columns": 7,
                      "port_groups": [
                        {
                          "port_count": 2,
                          "port_roles": [
                            "leaf",
                            "spine"
                          ],
                          "port_speed": "10G"
                        },
                        {
                          "port_count": 2,
                          "port_roles": [
                            "peer"
                          ],
                          "port_speed": "10G"
                        },
                        {
                          "port_count": 2,
                          "port_roles": [
                            "access",
                            "generic"
                          ],
                          "port_speed": "10G"
                        },
                        {
                          "port_count": 1,
                          "port_roles": [
                            "generic"
                          ],
                          "port_speed": "10G"
                        }
                      ],
                      "rows": 1
                    }
                  ]
                },
                "logical_device_id": null,
                "mlag_info": null,
                "redundancy_protocol": null,
                "spine_link_count": 1,
                "spine_link_speed": "10G",
                "tag_ids": null,
                "tags": null
              }
            },
            "name": "L2 Virtual"
          },
          "sensitive_attributes": []
        },
        {
          "index_key": "L2_Virtual_Dual",
          "schema_version": 0,
          "attributes": {
            "access_switches": null,
            "description": null,
            "fabric_connectivity_design": "l3clos",
            "generic_systems": {
              "generic": {
                "count": 2,
                "links": {
                  "link1": {
                    "lag_mode": null,
                    "links_per_switch": 1,
                    "speed": "10G",
                    "switch_peer": null,
                    "tag_ids": null,
                    "tags": null,
                    "target_switch_name": "leaf1"
                  },
                  "link2": {
                    "lag_mode": null,
                    "links_per_switch": 1,
                    "speed": "10G",
                    "switch_peer": null,
                    "tag_ids": null,
                    "tags": null,
                    "target_switch_name": "leaf2"
                  }
                },
                "logical_device": {
                  "id": null,
                  "name": "AOS-2x10-1",
                  "panels": [
                    {
                      "columns": 2,
                      "port_groups": [
                        {
                          "port_count": 2,
                          "port_roles": [
                            "access",
                            "leaf"
                          ],
                          "port_speed": "10G"
                        }
                      ],
                      "rows": 1
                    }
                  ]
                },
                "logical_device_id": null,
                "port_channel_id_max": 0,
                "port_channel_id_min": 0,
                "tag_ids": null,
                "tags": null
              }
            },
            "id": "L2_Virtual_Dual",
            "leaf_switches": {
              "leaf1": {
                "logical_device": {
                  "id": null,
                  "name": "AOS-7x10-Leaf",
                  "panels": [
                    {
                      "columns": 7,
                      "port_groups": [
                        {
                          "port_count": 2,
                          "port_roles": [
                            "leaf",
                            "spine"
                          ],
                          "port_speed": "10G"
                        },
                        {
                          "port_count": 2,
                          "port_roles": [
                            "peer"
                          ],
                          "port_speed": "10G"
                        },
                        {
                          "port_count": 2,
                          "port_roles": [
                            "access",
                            "generic"
                          ],
                          "port_speed": "10G"
                        },
                        {
                          "port_count": 1,
                          "port_roles": [
                            "generic"
                          ],
                          "port_speed": "10G"
                        }
                      ],
                      "rows": 1
                    }
                  ]
                },
                "logical_device_id": null,
                "mlag_info": null,
                "redundancy_protocol": null,
                "spine_link_count": 1,
                "spine_link_speed": "10G",
                "tag_ids": null,
                "tags": null
              },
              "leaf2": {
                "logical_device": {
                  "id": null,
                  "name": "AOS-7x10-Leaf",
                  "panels": [
                    {
                      "columns": 7,
                      "port_groups": [
                        {
                          "port_count": 2,
                          "port_roles": [
                            "leaf",
                            "spine"
                          ],
                          "port_speed": "10G"
                        },
                        {
                          "port_count": 2,
                          "port_roles": [
                            "peer"
                          ],
                          "port_speed": "10G"
                        },
                        {
                          "port_count": 2,
                          "port_roles": [
                            "access",
                            "generic"
                          ],
                          "port_speed": "10G"
                        },
                        {
                          "port_count": 1,
                          "port_roles": [
                            "generic"
                          ],
                          "port_speed": "10G"
                        }
                      ],
                      "rows": 1
                    }
                  ]
                },
                "logical_device_id": null,
                "mlag_info": null,
                "redundancy_protocol": null,
                "spine_link_count": 1,
                "spine_link_speed": "10G",
                "tag_ids": null,
                "tags": null
              }
            },
            "name": "L2 Virtual Dual"
          },
          "sensitive_attributes": []
        },
        {
          "index_key": "L2_Virtual_Dual_2x_Links",
          "schema_version": 0,
          "attributes": {
            "access_switches": null,
            "description": null,
            "fabric_connectivity_design": "l3clos",
            "generic_systems": {
              "generic": {
                "count": 1,
                "links": {
                  "link1": {
                    "lag_mode": "lacp_active",
                    "links_per_switch": 2,
                    "speed": "10G",
                    "switch_peer": null,
                    "tag_ids": null,
                    "tags": null,
                    "target_switch_name": "leaf1"
                  },
                  "link2": {
                    "lag_mode": "lacp_active",
                    "links_per_switch": 2,
                    "speed": "10G",
                    "switch_peer": null,
                    "tag_ids": null,
                    "tags": null,
                    "target_switch_name": "leaf2"
                  }
                },
                "logical_device": {
                  "id": null,
                  "name": "AOS-4x10-1",
                  "panels": [
                    {
                      "columns": 2,
                      "port_groups": [
                        {
                          "port_count": 4,
                          "port_roles": [
                            "access",
                            "leaf"
                          ],
                          "port_speed": "10G"
                        }
                      ],
                      "rows": 2
                    }
                  ]
                },
                "logical_device_id": null,
                "port_channel_id_max": 0,
                "port_channel_id_min": 0,
                "tag_ids": null,
                "tags": null
              }
            },
            "id": "L2_Virtual_Dual_2x_Links",
            "leaf_switches": {
              "leaf1": {
                "logical_device": {
                  "id": null,
                  "name": "AOS-7x10-Leaf",
                  "panels": [
                    {
                      "columns": 7,
                      "port_groups": [
                        {
                          "port_count": 2,
                          "port_roles": [
                            "leaf",
                            "spine"
                          ],
                          "port_speed": "10G"
                        },
                        {
                          "port_count": 2,
                          "port_roles": [
                            "peer"
                          ],
                          "port_speed": "10G"
                        },
                        {
                          "port_count": 2,
                          "port_roles": [
                            "access",
                            "generic"
                          ],
                          "port_speed": "10G"
                        },
                        {
                          "port_count": 1,
                          "port_roles": [
                            "generic"
                          ],
                          "port_speed": "10G"
                        }
                      ],
                      "rows": 1
                    }
                  ]
                },
                "logical_device_id": null,
                "mlag_info": null,
                "redundancy_protocol": null,
                "spine_link_count": 1,
                "spine_link_speed": "10G",
                "tag_ids": null,
                "tags": null
              },
              "leaf2": {
                "logical_device": {
                  "id": null,
                  "name": "AOS-7x10-Leaf",
                  "panels": [
                    {
                      "columns": 7,
                      "port_groups": [
                        {
                          "port_count": 2,
                          "port_roles": [
                            "leaf",
                            "spine"
                          ],
                          "port_speed": "10G"
                        },
                        {
                          "port_count": 2,
                          "port_roles": [
                            "peer"
                          ],
                          "port_speed": "10G"
                        },
                        {
                          "port_count": 2,
                          "port_roles": [
                            "access",
                            "generic"
                          ],
                          "port_speed": "10G"
                        },
                        {
                          "port_count": 1,
                          "port_roles": [
                            "generic"
                          ],
                          "port_speed": "10G"
                        }
                      ],
                      "rows": 1
                    }
                  ]
                },
                "logical_device_id": null,
                "mlag_info": null,
                "redundancy_protocol": null,
                "spine_link_count": 1,
                "spine_link_speed": "10G",
                "tag_ids": null,
                "tags": null
              }
            },
            "name": "L2 Virtual 2xDual"
          },
          "sensitive_attributes": []
        },
        {
          "index_key": "L2_Virtual_Dual_MLAG",
          "schema_version": 0,
          "attributes": {
            "access_switches": null,
            "description": null,
            "fabric_connectivity_design": "l3clos",
            "generic_systems": {
              "generic": {
                "count": 1,
                "links": {
                  "link1": {
                    "lag_mode": "lacp_active",
                    "links_per_switch": 2,
                    "speed": "10G",
                    "switch_peer": null,
                    "tag_ids": null,
                    "tags": null,
                    "target_switch_name": "leaf_pair_1"
                  },
                  "link2": {
                    "lag_mode": "lacp_active",
                    "links_per_switch": 2,
                    "speed": "10G",
                    "switch_peer": null,
                    "tag_ids": null,
                    "tags": null,
                    "target_switch_name": "leaf_pair_2"
                  }
                },
                "logical_device": {
                  "id": null,
                  "name": "AOS-8x10-1",
                  "panels": [
                    {
                      "columns": 4,
                      "port_groups": [
                        {
                          "port_count": 8,
                          "port_roles": [
                            "access",
                            "generic",
                            "leaf",
                            "peer"
                          ],
                          "port_speed": "10G"
                        }
                      ],
                      "rows": 2
                    }
                  ]
                },
                "logical_device_id": null,
                "port_channel_id_max": 0,
                "port_channel_id_min": 0,
                "tag_ids": null,
                "tags": null
              }
            },
            "id": "L2_Virtual_Dual_MLAG",
            "leaf_switches": {
              "leaf_pair_1": {
                "logical_device": {
                  "id": null,
                  "name": "AOS-7x10-Leaf",
                  "panels": [
                    {
                      "columns": 7,
                      "port_groups": [
                        {
                          "port_count": 2,
                          "port_roles": [
                            "leaf",
                            "spine"
                          ],
                          "port_speed": "10G"
                        },
                        {
                          "port_count": 2,
                          "port_roles": [
                            "peer"
                          ],
                          "port_speed": "10G"
                        },
                        {
                          "port_count": 2,
                          "port_roles": [
                            "access",
                            "generic"
                          ],
                          "port_speed": "10G"
                        },
                        {
                          "port_count": 1,
                          "port_roles": [
                            "generic"
                          ],
                          "port_speed": "10G"
                        }
                      ],
                      "rows": 1
                    }
                  ]
                },
                "logical_device_id": null,
                "mlag_info": {
                  "l3_peer_link_count": null,
                  "l3_peer_link_port_channel_id": null,
                  "l3_peer_link_speed": null,
                  "mlag_keepalive_vlan": 2999,
                  "peer_link_count": 2,
                  "peer_link_port_channel_id": 0,
                  "peer_link_speed": "10G"
                },
                "redundancy_protocol": "mlag",
                "spine_link_count": 1,
                "spine_link_speed": "10G",
                "tag_ids": null,
                "tags": null
              },
              "leaf_pair_2": {
                "logical_device": {
                  "id": null,
                  "name": "AOS-7x10-Leaf",
                  "panels": [
                    {
                      "columns": 7,
                      "port_groups": [
                        {
                          "port_count": 2,
                          "port_roles": [
                            "leaf",
                            "spine"
                          ],
                          "port_speed": "10G"
                        },
                        {
                          "port_count": 2,
                          "port_roles": [
                            "peer"
                          ],
                          "port_speed": "10G"
                        },
                        {
                          "port_count": 2,
                          "port_roles": [
                            "access",
                            "generic"
                          ],
                          "port_speed": "10G"
                        },
                        {
                          "port_count": 1,
                          "port_roles": [
                            "generic"
                          ],
                          "port_speed": "10G"
                        }
                      ],
                      "rows": 1
                    }
                  ]
                },
                "logical_device_id": null,
                "mlag_info": {
                  "l3_peer_link_count": null,
                  "l3_peer_link_port_channel_id": null,
                  "l3_peer_link_speed": null,
                  "mlag_keepalive_vlan": 2999,
                  "peer_link_count": 2,
                  "peer_link_port_channel_id": 0,
                  "peer_link_speed": "10G"
                },
                "redundancy_protocol": "mlag",
                "spine_link_count": 1,
                "spine_link_speed": "10G",
                "tag_ids": null,
                "tags": null
              }
            },
            "name": "L2 Virtual 2xMLAG"
          },
          "sensitive_attributes": []
        },
        {
          "index_key": "L2_Virtual_ESI_2x_Links",
          "schema_version": 0,
          "attributes": {
            "access_switches": null,
            "description": null,
            "fabric_connectivity_design": "l3clos",
            "generic_systems": {
              "generic": {
                "count": 1,
                "links": {
                  "link": {
                    "lag_mode": "lacp_active",
                    "links_per_switch": 2,
                    "speed": "10G",
                    "switch_peer": null,
                    "tag_ids": null,
                    "tags": null,
                    "target_switch_name": "leaf"
                  }
                },
                "logical_device": {
                  "id": null,
                  "name": "AOS-4x10-1",
                  "panels": [
                    {
                      "columns": 2,
                      "port_groups": [
                        {
                          "port_count": 4,
                          "port_roles": [
                            "access",
                            "leaf"
                          ],
                          "port_speed": "10G"
                        }
                      ],
                      "rows": 2
                    }
                  ]
                },
                "logical_device_id": null,
                "port_channel_id_max": 0,
                "port_channel_id_min": 0,
                "tag_ids": null,
                "tags": null
              }
            },
            "id": "L2_Virtual_ESI_2x_Links",
            "leaf_switches": {
              "leaf": {
                "logical_device": {
                  "id": null,
                  "name": "AOS-7x10-Leaf",
                  "panels": [
                    {
                      "columns": 7,
                      "port_groups": [
                        {
                          "port_count": 2,
                          "port_roles": [
                            "leaf",
                            "spine"
                          ],
                          "port_speed": "10G"
                        },
                        {
                          "port_count": 2,
                          "port_roles": [
                            "peer"
                          ],
                          "port_speed": "10G"
                        },
                        {
                          "port_count": 2,
                          "port_roles": [
                            "access",
                            "generic"
                          ],
                          "port_speed": "10G"
                        },
                        {
                          "port_count": 1,
                          "port_roles": [
                            "generic"
                          ],
                          "port_speed": "10G"
                        }
                      ],
                      "rows": 1
                    }
                  ]
                },
                "logical_device_id": null,
                "mlag_info": null,
                "redundancy_protocol": "esi",
                "spine_link_count": 1,
                "spine_link_speed": "10G",
                "tag_ids": null,
                "tags": null
              }
            },
            "name": "L2 ESI 2x Links"
          },
          "sensitive_attributes": []
        },
        {
          "index_key": "L2_Virtual_MLAG",
          "schema_version": 0,
          "attributes": {
            "access_switches": null,
            "description": null,
            "fabric_connectivity_design": "l3clos",
            "generic_systems": {
              "generic": {
                "count": 2,
                "links": {
                  "link": {
                    "lag_mode": "lacp_active",
                    "links_per_switch": 1,
                    "speed": "10G",
                    "switch_peer": null,
                    "tag_ids": null,
                    "tags": null,
                    "target_switch_name": "leaf"
                  }
                },
                "logical_device": {
                  "id": null,
                  "name": "AOS-2x10-1",
                  "panels": [
                    {
                      "columns": 2,
                      "port_groups": [
                        {
                          "port_count": 2,
                          "port_roles": [
                            "access",
                            "leaf"
                          ],
                          "port_speed": "10G"
                        }
                      ],
                      "rows": 1
                    }
                  ]
                },
                "logical_device_id": null,
                "port_channel_id_max": 0,
                "port_channel_id_min": 0,
                "tag_ids": null,
                "tags": null
              }
            },
            "id": "L2_Virtual_MLAG",
            "leaf_switches": {
              "leaf": {
                "logical_device": {
                  "id": null,
                  "name": "AOS-7x10-Leaf",
                  "panels": [
                    {
                      "columns": 7,
                      "port_groups": [
                        {
                          "port_count": 2,
                          "port_roles": [
                            "leaf",
                            "spine"
                          ],
                          "port_speed": "10G"
                        },
                        {
                          "port_count": 2,
                          "port_roles": [
                            "peer"
                          ],
                          "port_speed": "10G"
                        },
                        {
                          "port_count": 2,
                          "port_roles": [
                            "access",
                            "generic"
                          ],
                          "port_speed": "10G"
                        },
                        {
                          "port_count": 1,
                          "port_roles": [
                            "generic"
                          ],
                          "port_speed": "10G"
                        }
                      ],
                      "rows": 1
                    }
                  ]
                },
                "logical_device_id": null,
                "mlag_info": {
                  "l3_peer_link_count": null,
                  "l3_peer_link_port_channel_id": null,
                  "l3_peer_link_speed": null,
                  "mlag_keepalive_vlan": 2999,
                  "peer_link_count": 2,
                  "peer_link_port_channel_id": 0,
                  "peer_link_speed": "10G"
                },
                "redundancy_protocol": "mlag",
                "spine_link_count": 1,
                "spine_link_speed": "10G",
                "tag_ids": null,
                "tags": null
              }
            },
            "name": "L2 Virtual MLAG"
          },
          "sensitive_attributes": []
        },
        {
          "index_key": "L2_Virtual_MLAG_2x_Links",
          "schema_version": 0,
          "attributes": {
            "access_switches": null,
            "description": null,
            "fabric_connectivity_design": "l3clos",
            "generic_systems": {
              "generic": {
                "count": 1,
                "links": {
                  "link": {
                    "lag_mode": "lacp_active",
                    "links_per_switch": 2,
                    "speed": "10G",
                    "switch_peer": null,
                    "tag_ids": null,
                    "tags": null,
                    "target_switch_name": "leaf"
                  }
                },
                "logical_device": {
                  "id": null,
                  "name": "AOS-4x10-1",
                  "panels": [
                    {
                      "columns": 2,
                      "port_groups": [
                        {
                          "port_count": 4,
                          "port_roles": [
                            "access",
                            "leaf"
                          ],
                          "port_speed": "10G"
                        }
                      ],
                      "rows": 2
                    }
                  ]
                },
                "logical_device_id": null,
                "port_channel_id_max": 0,
                "port_channel_id_min": 0,
                "tag_ids": null,
                "tags": null
              }
            },
            "id": "L2_Virtual_MLAG_2x_Links",
            "leaf_switches": {
              "leaf": {
                "logical_device": {
                  "id": null,
                  "name": "AOS-7x10-Leaf",
                  "panels": [
                    {
                      "columns": 7,
                      "port_groups": [
                        {
                          "port_count": 2,
                          "port_roles": [
                            "leaf",
                            "spine"
                          ],
                          "port_speed": "10G"
                        },
                        {
                          "port_count": 2,
                          "port_roles": [
                            "peer"
                          ],
                          "port_speed": "10G"
                        },
                        {
                          "port_count": 2,
                          "port_roles": [
                            "access",
                            "generic"
                          ],
                          "port_speed": "10G"
                        },
                        {
                          "port_count": 1,
                          "port_roles": [
                            "generic"
                          ],
                          "port_speed": "10G"
                        }
                      ],
                      "rows": 1
                    }
                  ]
                },
                "logical_device_id": null,
                "mlag_info": {
                  "l3_peer_link_count": null,
                  "l3_peer_link_port_channel_id": null,
                  "l3_peer_link_speed": null,
                  "mlag_keepalive_vlan": 2999,
                  "peer_link_count": 2,
                  "peer_link_port_channel_id": 0,
                  "peer_link_speed": "10G"
                },
                "redundancy_protocol": "mlag",
                "spine_link_count": 1,
                "spine_link_speed": "10G",
                "tag_ids": null,
                "tags": null
              }
            },
            "name": "L2 MLAG 2x Links"
          },
          "sensitive_attributes": []
        },
        {
          "index_key": "L3_collapsed_ESI",
          "schema_version": 0,
          "attributes": {
            "access_switches": null,
            "description": null,
            "fabric_connectivity_design": "l3collapsed",
            "generic_systems": {
              "generic": {
                "count": 2,
                "links": {
                  "link": {
                    "lag_mode": "lacp_active",
                    "links_per_switch": 1,
                    "speed": "10G",
                    "switch_peer": null,
                    "tag_ids": null,
                    "tags": null,
                    "target_switch_name": "esi_leaf"
                  }
                },
                "logical_device": {
                  "id": null,
                  "name": "AOS-2x10-1",
                  "panels": [
                    {
                      "columns": 2,
                      "port_groups": [
                        {
                          "port_count": 2,
                          "port_roles": [
                            "access",
                            "leaf"
                          ],
                          "port_speed": "10G"
                        }
                      ],
                      "rows": 1
                    }
                  ]
                },
                "logical_device_id": null,
                "port_channel_id_max": 0,
                "port_channel_id_min": 0,
                "tag_ids": null,
                "tags": null
              }
            },
            "id": "L3_collapsed_ESI",
            "leaf_switches": {
              "esi_leaf": {
                "logical_device": {
                  "id": null,
                  "name": "AOS-7x10-Leaf",
                  "panels": [
                    {
                      "columns": 7,
                      "port_groups": [
                        {
                          "port_count": 2,
                          "port_roles": [
                            "leaf",
                            "spine"
                          ],
                          "port_speed": "10G"
                        },
                        {
                          "port_count": 2,
                          "port_roles": [
                            "peer"
                          ],
                          "port_speed": "10G"
                        },
                        {
                          "port_count": 2,
                          "port_roles": [
                            "access",
                            "generic"
                          ],
                          "port_speed": "10G"
                        },
                        {
                          "port_count": 1,
                          "port_roles": [
                            "generic"
                          ],
                          "port_speed": "10G"
                        }
                      ],
                      "rows": 1
                    }
                  ]
                },
                "logical_device_id": null,
                "mlag_info": null,
                "redundancy_protocol": "esi",
                "spine_link_count": null,
                "spine_link_speed": null,
                "tag_ids": null,
                "tags": null
              }
            },
            "name": "Collapsed 2xleafs"
          },
          "sensitive_attributes": []
        },
        {
          "index_key": "L3_collapsed_acs",
          "schema_version": 0,
          "attributes": {
            "access_switches": {
              "access": {
                "count": 1,
                "esi_lag_info": null,
                "links": {
                  "leaf_link": {
                    "lag_mode": "lacp_active",
                    "links_per_switch": 1,
                    "speed": "10G",
                    "switch_peer": null,
                    "tag_ids": null,
                    "tags": null,
                    "target_switch_name": "leaf"
                  }
                },
                "logical_device": {
                  "id": null,
                  "name": "AOS-8x10-1",
                  "panels": [
                    {
                      "columns": 4,
                      "port_groups": [
                        {
                          "port_count": 8,
                          "port_roles": [
                            "access",
                            "generic",
                            "leaf",
                            "peer"
                          ],
                          "port_speed": "10G"
                        }
                      ],
                      "rows": 2
                    }
                  ]
                },
                "logical_device_id": null,
                "redundancy_protocol": null,
                "tag_ids": null,
                "tags": null
              }
            },
            "description": null,
            "fabric_connectivity_design": "l3collapsed",
            "generic_systems": {
              "generic": {
                "count": 2,
                "links": {
                  "link": {
                    "lag_mode": null,
                    "links_per_switch": 1,
                    "speed": "10G",
                    "switch_peer": null,
                    "tag_ids": null,
                    "tags": null,
                    "target_switch_name": "access"
                  }
                },
                "logical_device": {
                  "id": null,
                  "name": "AOS-1x10-1",
                  "panels": [
                    {
                      "columns": 1,
                      "port_groups": [
                        {
                          "port_count": 1,
                          "port_roles": [
                            "access",
                            "leaf"
                          ],
                          "port_speed": "10G"
                        }
                      ],
                      "rows": 1
                    }
                  ]
                },
                "logical_device_id": null,
                "port_channel_id_max": 0,
                "port_channel_id_min": 0,
                "tag_ids": null,
                "tags": null
              }
            },
            "id": "L3_collapsed_acs",
            "leaf_switches": {
              "leaf": {
                "logical_device": {
                  "id": null,
                  "name": "AOS-7x10-Leaf",
                  "panels": [
                    {
                      "columns": 7,
                      "port_groups": [
                        {
                          "port_count": 2,
                          "port_roles": [
                            "leaf",
                            "spine"
                          ],
                          "port_speed": "10G"
                        },
                        {
                          "port_count": 2,
                          "port_roles": [
                            "peer"
                          ],
                          "port_speed": "10G"
                        },
                        {
                          "port_count": 2,
                          "port_roles": [
                            "access",
                            "generic"
                          ],
                          "port_speed": "10G"
                        },
                        {
                          "port_count": 1,
                          "port_roles": [
                            "generic"
                          ],
                          "port_speed": "10G"
                        }
                      ],
                      "rows": 1
                    }
                  ]
                },
                "logical_device_id": null,
                "mlag_info": null,
                "redundancy_protocol": null,
                "spine_link_count": null,
                "spine_link_speed": null,
                "tag_ids": null,
                "tags": null
              }
            },
            "name": "Collapsed 1xleaf"
          },
          "sensitive_attributes": []
        },
        {
          "index_key": "MCLAG_Compute",
          "schema_version": 0,
          "attributes": {
            "access_switches": null,
            "description": null,
            "fabric_connectivity_design": "l3clos",
            "generic_systems": {
              "generic": {
                "count": 40,
                "links": {
                  "link": {
                    "lag_mode": "lacp_active",
                    "links_per_switch": 1,
                    "speed": "10G",
                    "switch_peer": null,
                    "tag_ids": null,
                    "tags": null,
                    "target_switch_name": "leaf"
                  }
                },
                "logical_device": {
                  "id": null,
                  "name": "AOS-2x10-1",
                  "panels": [
                    {
                      "columns": 2,
                      "port_groups": [
                        {
                          "port_count": 2,
                          "port_roles": [
                            "access",
                            "leaf"
                          ],
                          "port_speed": "10G"
                        }
                      ],
                      "rows": 1
                    }
                  ]
                },
                "logical_device_id": null,
                "port_channel_id_max": 0,
                "port_channel_id_min": 0,
                "tag_ids": null,
                "tags": null
              }
            },
            "id": "MCLAG_Compute",
            "leaf_switches": {
              "leaf": {
                "logical_device": {
                  "id": null,
                  "name": "AOS-48x10+6x40-1",
                  "panels": [
                    {
                      "columns": 24,
                      "port_groups": [
                        {
                          "port_count": 48,
                          "port_roles": [
                            "access",
                            "generic",
                            "peer"
                          ],
                          "port_speed": "10G"
                        }
                      ],
                      "rows": 2
                    },
                    {
                      "columns": 3,
                      "port_groups": [
                        {
                          "port_count": 6,
                          "port_roles": [
                            "generic",
                            "spine"
                          ],
                          "port_speed": "40G"
                        }
                      ],
                      "rows": 2
                    }
                  ]
                },
                "logical_device_id": null,
                "mlag_info": {
                  "l3_peer_link_count": null,
                  "l3_peer_link_port_channel_id": null,
                  "l3_peer_link_speed": null,
                  "mlag_keepalive_vlan": 2999,
                  "peer_link_count": 4,
                  "peer_link_port_channel_id": 0,
                  "peer_link_speed": "10G"
                },
                "redundancy_protocol": "mlag",
                "spine_link_count": 2,
                "spine_link_speed": "40G",
                "tag_ids": null,
                "tags": null
              }
            },
            "name": "MCLAG Compute"
          },
          "sensitive_attributes": []
        },
        {
          "index_key": "access_switch",
          "schema_version": 0,
          "attributes": {
            "access_switches": {
              "access": {
                "count": 1,
                "esi_lag_info": null,
                "links": {
                  "leaf_link": {
                    "lag_mode": "lacp_active",
                    "links_per_switch": 2,
                    "speed": "10G",
                    "switch_peer": null,
                    "tag_ids": null,
                    "tags": null,
                    "target_switch_name": "leaf"
                  }
                },
                "logical_device": {
                  "id": null,
                  "name": "AOS-8x10-1",
                  "panels": [
                    {
                      "columns": 4,
                      "port_groups": [
                        {
                          "port_count": 8,
                          "port_roles": [
                            "access",
                            "generic",
                            "leaf",
                            "peer"
                          ],
                          "port_speed": "10G"
                        }
                      ],
                      "rows": 2
                    }
                  ]
                },
                "logical_device_id": null,
                "redundancy_protocol": null,
                "tag_ids": null,
                "tags": null
              }
            },
            "description": null,
            "fabric_connectivity_design": "l3clos",
            "generic_systems": {
              "generic": {
                "count": 4,
                "links": {
                  "link": {
                    "lag_mode": null,
                    "links_per_switch": 1,
                    "speed": "10G",
                    "switch_peer": null,
                    "tag_ids": null,
                    "tags": null,
                    "target_switch_name": "access"
                  }
                },
                "logical_device": {
                  "id": null,
                  "name": "AOS-1x10-1",
                  "panels": [
                    {
                      "columns": 1,
                      "port_groups": [
                        {
                          "port_count": 1,
                          "port_roles": [
                            "access",
                            "leaf"
                          ],
                          "port_speed": "10G"
                        }
                      ],
                      "rows": 1
                    }
                  ]
                },
                "logical_device_id": null,
                "port_channel_id_max": 0,
                "port_channel_id_min": 0,
                "tag_ids": null,
                "tags": null
              }
            },
            "id": "access_switch",
            "leaf_switches": {
              "leaf": {
                "logical_device": {
                  "id": null,
                  "name": "AOS-7x10-Leaf",
                  "panels": [
                    {
                      "columns": 7,
                      "port_groups": [
                        {
                          "port_count": 2,
                          "port_roles": [
                            "leaf",
                            "spine"
                          ],
                          "port_speed": "10G"
                        },
                        {
                          "port_count": 2,
                          "port_roles": [
                            "peer"
                          ],
                          "port_speed": "10G"
                        },
                        {
                          "port_count": 2,
                          "port_roles": [
                            "access",
                            "generic"
                          ],
                          "port_speed": "10G"
                        },
                        {
                          "port_count": 1,
                          "port_roles": [
                            "generic"
                          ],
                          "port_speed": "10G"
                        }
                      ],
                      "rows": 1
                    }
                  ]
                },
                "logical_device_id": null,
                "mlag_info": null,
                "redundancy_protocol": null,
                "spine_link_count": 1,
                "spine_link_speed": "10G",
                "tag_ids": null,
                "tags": null
              }
            },
            "name": "L2 One Access"
          },
          "sensitive_attributes": []
        },
        {
          "index_key": "access_switch_4x",
          "schema_version": 0,
          "attributes": {
            "access_switches": {
              "access": {
                "count": 4,
                "esi_lag_info": null,
                "links": {
                  "leaf_link": {
                    "lag_mode": "lacp_active",
                    "links_per_switch": 2,
                    "speed": "10G",
                    "switch_peer": null,
                    "tag_ids": null,
                    "tags": null,
                    "target_switch_name": "leaf"
                  }
                },
                "logical_device": {
                  "id": null,
                  "name": "AOS-8x10-1",
                  "panels": [
                    {
                      "columns": 4,
                      "port_groups": [
                        {
                          "port_count": 8,
                          "port_roles": [
                            "access",
                            "generic",
                            "leaf",
                            "peer"
                          ],
                          "port_speed": "10G"
                        }
                      ],
                      "rows": 2
                    }
                  ]
                },
                "logical_device_id": null,
                "redundancy_protocol": null,
                "tag_ids": null,
                "tags": null
              }
            },
            "description": null,
            "fabric_connectivity_design": "l3clos",
            "generic_systems": {
              "generic": {
                "count": 4,
                "links": {
                  "link": {
                    "lag_mode": null,
                    "links_per_switch": 1,
                    "speed": "10G",
                    "switch_peer": null,
                    "tag_ids": null,
                    "tags": null,
                    "target_switch_name": "access"
                  }
                },
                "logical_device": {
                  "id": null,
                  "name": "AOS-1x10-1",
                  "panels": [
                    {
                      "columns": 1,
                      "port_groups": [
                        {
                          "port_count": 1,
                          "port_roles": [
                            "access",
                            "leaf"
                          ],
                          "port_speed": "10G"
                        }
                      ],
                      "rows": 1
                    }
                  ]
                },
                "logical_device_id": null,
                "port_channel_id_max": 0,
                "port_channel_id_min": 0,
                "tag_ids": null,
                "tags": null
              }
            },
            "id": "access_switch_4x",
            "leaf_switches": {
              "leaf": {
                "logical_device": {
                  "id": null,
                  "name": "AOS-64x10+16x40-1",
                  "panels": [
                    {
                      "columns": 32,
                      "port_groups": [
                        {
                          "port_count": 64,
                          "port_roles": [
                            "access",
                            "generic",
                            "peer"
                          ],
                          "port_speed": "10G"
                        }
                      ],
                      "rows": 2
                    },
                    {
                      "columns": 8,
                      "port_groups": [
                        {
                          "port_count": 16,
                          "port_roles": [
                            "generic",
                            "spine"
                          ],
                          "port_speed": "40G"
                        }
                      ],
                      "rows": 2
                    }
                  ]
                },
                "logical_device_id": null,
                "mlag_info": null,
                "redundancy_protocol": null,
                "spine_link_count": 1,
                "spine_link_speed": "40G",
                "tag_ids": null,
                "tags": null
              }
            },
            "name": "L2 Access 4x"
          },
          "sensitive_attributes": []
        },
        {
          "index_key": "one_leaf",
          "schema_version": 0,
          "attributes": {
            "access_switches": null,
            "description": null,
            "fabric_connectivity_design": "l3clos",
            "generic_systems": {
              "generic": {
                "count": 48,
                "links": {
                  "link": {
                    "lag_mode": null,
                    "links_per_switch": 1,
                    "speed": "10G",
                    "switch_peer": null,
                    "tag_ids": null,
                    "tags": null,
                    "target_switch_name": "leaf"
                  }
                },
                "logical_device": {
                  "id": null,
                  "name": "AOS-1x10-1",
                  "panels": [
                    {
                      "columns": 1,
                      "port_groups": [
                        {
                          "port_count": 1,
                          "port_roles": [
                            "access",
                            "leaf"
                          ],
                          "port_speed": "10G"
                        }
                      ],
                      "rows": 1
                    }
                  ]
                },
                "logical_device_id": null,
                "port_channel_id_max": 0,
                "port_channel_id_min": 0,
                "tag_ids": null,
                "tags": null
              }
            },
            "id": "one_leaf",
            "leaf_switches": {
              "leaf": {
                "logical_device": {
                  "id": null,
                  "name": "AOS-64x10+16x40-2",
                  "panels": [
                    {
                      "columns": 32,
                      "port_groups": [
                        {
                          "port_count": 64,
                          "port_roles": [
                            "access",
                            "generic"
                          ],
                          "port_speed": "10G"
                        }
                      ],
                      "rows": 2
                    },
                    {
                      "columns": 8,
                      "port_groups": [
                        {
                          "port_count": 16,
                          "port_roles": [
                            "generic",
                            "peer",
                            "spine"
                          ],
                          "port_speed": "40G"
                        }
                      ],
                      "rows": 2
                    }
                  ]
                },
                "logical_device_id": null,
                "mlag_info": null,
                "redundancy_protocol": null,
                "spine_link_count": 1,
                "spine_link_speed": "40G",
                "tag_ids": null,
                "tags": null
              }
            },
            "name": "L2 One Leaf"
          },
          "sensitive_attributes": []
        },
        {
          "index_key": "two_leafs",
          "schema_version": 0,
          "attributes": {
            "access_switches": null,
            "description": null,
            "fabric_connectivity_design": "l3clos",
            "generic_systems": {
              "generic(1)": {
                "count": 24,
                "links": {
                  "link": {
                    "lag_mode": null,
                    "links_per_switch": 1,
                    "speed": "10G",
                    "switch_peer": "first",
                    "tag_ids": null,
                    "tags": null,
                    "target_switch_name": "leaf"
                  }
                },
                "logical_device": {
                  "id": null,
                  "name": "AOS-1x10-1",
                  "panels": [
                    {
                      "columns": 1,
                      "port_groups": [
                        {
                          "port_count": 1,
                          "port_roles": [
                            "access",
                            "leaf"
                          ],
                          "port_speed": "10G"
                        }
                      ],
                      "rows": 1
                    }
                  ]
                },
                "logical_device_id": null,
                "port_channel_id_max": 0,
                "port_channel_id_min": 0,
                "tag_ids": null,
                "tags": null
              },
              "generic(2)": {
                "count": 24,
                "links": {
                  "link": {
                    "lag_mode": null,
                    "links_per_switch": 1,
                    "speed": "10G",
                    "switch_peer": "second",
                    "tag_ids": null,
                    "tags": null,
                    "target_switch_name": "leaf"
                  }
                },
                "logical_device": {
                  "id": null,
                  "name": "AOS-1x10-1",
                  "panels": [
                    {
                      "columns": 1,
                      "port_groups": [
                        {
                          "port_count": 1,
                          "port_roles": [
                            "access",
                            "leaf"
                          ],
                          "port_speed": "10G"
                        }
                      ],
                      "rows": 1
                    }
                  ]
                },
                "logical_device_id": null,
                "port_channel_id_max": 0,
                "port_channel_id_min": 0,
                "tag_ids": null,
                "tags": null
              }
            },
            "id": "two_leafs",
            "leaf_switches": {
              "leaf": {
                "logical_device": {
                  "id": null,
                  "name": "AOS-64x10+16x40-2",
                  "panels": [
                    {
                      "columns": 32,
                      "port_groups": [
                        {
                          "port_count": 64,
                          "port_roles": [
                            "access",
                            "generic"
                          ],
                          "port_speed": "10G"
                        }
                      ],
                      "rows": 2
                    },
                    {
                      "columns": 8,
                      "port_groups": [
                        {
                          "port_count": 16,
                          "port_roles": [
                            "generic",
                            "peer",
                            "spine"
                          ],
                          "port_speed": "40G"
                        }
                      ],
                      "rows": 2
                    }
                  ]
                },
                "logical_device_id": null,
                "mlag_info": {
                  "l3_peer_link_count": null,
                  "l3_peer_link_port_channel_id": null,
                  "l3_peer_link_speed": null,
                  "mlag_keepalive_vlan": 2999,
                  "peer_link_count": 4,
                  "peer_link_port_channel_id": 0,
                  "peer_link_speed": "40G"
                },
                "redundancy_protocol": "mlag",
                "spine_link_count": 1,
                "spine_link_speed": "40G",
                "tag_ids": null,
                "tags": null
              }
            },
            "name": "L2 Mlag Leaf"
          },
          "sensitive_attributes": []
        }
      ]
    },
    {
      "mode": "data",
      "type": "apstra_rack_types",
      "name": "all",
      "provider": "provider[\"registry.terraform.io/juniper/apstra\"]",
      "instances": [
        {
          "schema_version": 0,
          "attributes": {
            "ids": [
              "L2_Compute",
              "L2_ESI_Access_dual",
              "L2_ESI_Access_single",
              "L2_HPC",
              "L2_MLAG_1x_access",
              "L2_MLAG_2x_access",
              "L2_MLAG_single_with_acs",
              "L2_Virtual",
              "L2_Virtual_Dual",
              "L2_Virtual_Dual_2x_Links",
              "L2_Virtual_Dual_MLAG",
              "L2_Virtual_ESI_2x_Links",
              "L2_Virtual_MLAG",
              "L2_Virtual_MLAG_2x_Links",
              "L3_collapsed_ESI",
              "L3_collapsed_acs",
              "MCLAG_Compute",
              "access_switch",
              "access_switch_4x",
              "one_leaf",
              "two_leafs"
            ]
          },
          "sensitive_attributes": []
        }
      ]
    },
    {
      "mode": "data",
      "type": "external",
      "name": "get_access_token",
      "provider": "provider[\"registry.terraform.io/hashicorp/external\"]",
      "instances": [
        {
          "schema_version": 0,
          "attributes": {
            "id": "-",
            "program": [
              "bash",
              "-c",
              "token=$(curl --silent -k -X POST 'https://172.30.108.195/api/user/login' \\\n  -H 'accept: application/json' \\\n  -H 'content-type: application/json' \\\n  -d \"{ \\\"username\\\":\\\"admin\\\", \\\"password\\\":\\\"admin\\\" }\" | jq --raw-output '.token')\n\necho \"{\\\"access_token\\\": \\\"$token\\\"}\"   \n"
            ],
            "query": null,
            "result": {
              "access_token": "eyJ0eXAiOiJKV1QiLCJhbGciOiJIUzUxMiJ9.eyJ1c2VybmFtZSI6ImFkbWluIiwidXNlcl9zZXNzaW9uIjoiMGIxNTY1MDktZjQ5NS00ZjE5LTk2YzItMDEyOTM2ZWMyOGE1IiwiY3JlYXRlZF9hdCI6IjIwMjMtMTEtMjJUMDA6MTM6NTguNTMwOTY4IiwiZXhwIjoxNzAwNjk4NDM4fQ._smaAtdC1w7WfU-ABjnGUYo6xgHBMUgkiTpNqg-9bYcXwoD1dIuB-AJ5a8hdU7LuFF4OYmaSLPKhp9bfzjhAvA"
            },
            "working_dir": null
          },
          "sensitive_attributes": []
        }
      ]
    },
    {
      "mode": "managed",
      "type": "apstra_asn_pool",
      "name": "all",
      "provider": "provider[\"registry.terraform.io/juniper/apstra\"]",
      "instances": [
        {
          "index_key": "dc1-asn",
          "schema_version": 0,
          "attributes": {
            "id": "4b9aa8a0-7167-4014-bcd9-3f360481f9c7",
            "name": "dc1-asn",
            "ranges": [
              {
                "first": 4200000000,
                "last": 4200001000,
                "status": "pool_element_available",
                "total": 1001,
                "used": 0,
                "used_percentage": 0
              }
            ],
            "status": "not_in_use",
            "total": 1001,
            "used": 0,
            "used_percentage": 0
          },
          "sensitive_attributes": []
        }
      ]
    },
    {
      "mode": "managed",
      "type": "apstra_integer_pool",
      "name": "all",
      "provider": "provider[\"registry.terraform.io/juniper/apstra\"]",
      "instances": [
        {
          "index_key": "dc1-int",
          "schema_version": 0,
          "attributes": {
            "id": "04c93e15-5782-475d-9485-6d2485178ea4",
            "name": "dc1-int",
            "ranges": [
              {
                "first": 1000,
                "last": 2000,
                "status": "pool_element_available",
                "total": 1001,
                "used": 0,
                "used_percentage": 0
              }
            ],
            "status": "not_in_use",
            "total": 1001,
            "used": 0,
            "used_percentage": 0
          },
          "sensitive_attributes": []
        }
      ]
    },
    {
      "mode": "managed",
      "type": "apstra_ipv4_pool",
      "name": "all",
      "provider": "provider[\"registry.terraform.io/juniper/apstra\"]",
      "instances": [
        {
          "index_key": "fabric-network",
          "schema_version": 0,
          "attributes": {
            "id": "5aee358d-0e9c-4865-a09c-59f6228e18b7",
            "name": "fabric-network",
            "status": "not_in_use",
            "subnets": [
              {
                "network": "10.0.1.0/24",
                "status": "pool_element_available",
                "total": 256,
                "used": 0,
                "used_percentage": 0
              }
            ],
            "total": 256,
            "used": 0,
            "used_percentage": 0
          },
          "sensitive_attributes": []
        },
        {
          "index_key": "loopback",
          "schema_version": 0,
          "attributes": {
            "id": "49f7a7e6-f17b-448a-b824-1d8ae5ff06eb",
            "name": "loopback",
            "status": "not_in_use",
            "subnets": [
              {
                "network": "10.0.0.0/24",
                "status": "pool_element_available",
                "total": 256,
                "used": 0,
                "used_percentage": 0
              }
            ],
            "total": 256,
            "used": 0,
            "used_percentage": 0
          },
          "sensitive_attributes": []
        }
      ]
    },
    {
      "mode": "managed",
      "type": "apstra_ipv6_pool",
      "name": "all",
      "provider": "provider[\"registry.terraform.io/juniper/apstra\"]",
      "instances": [
        {
          "index_key": "fabric-network",
          "schema_version": 0,
          "attributes": {
            "id": "43e6ca06-d0ef-4a1a-8fa7-f22fac4cea7b",
            "name": "fabric-network",
            "status": "not_in_use",
            "subnets": [
              {
                "network": "2001:db8::/32",
                "status": "pool_element_available",
                "total": 79228162514264340000000000000,
                "used": 0,
                "used_percentage": 0
              }
            ],
            "total": 79228162514264340000000000000,
            "used": 0,
            "used_percentage": 0
          },
          "sensitive_attributes": []
        }
      ]
    },
    {
      "mode": "managed",
      "type": "apstra_rack_type",
      "name": "all",
      "provider": "provider[\"registry.terraform.io/juniper/apstra\"]",
      "instances": [
        {
          "index_key": "border-rack",
          "schema_version": 0,
          "attributes": {
            "access_switches": null,
            "description": "border rack",
            "fabric_connectivity_design": "l3clos",
            "generic_systems": null,
            "id": "p0jpuyetrzsxlb9gfv-xyw",
            "leaf_switches": {
              "leaf_switch": {
                "logical_device": {
                  "id": null,
                  "name": "AOS-20x1+4x10-vEX9214",
                  "panels": [
                    {
                      "columns": 10,
                      "port_groups": [
                        {
                          "port_count": 10,
                          "port_roles": [
                            "access",
                            "generic",
                            "leaf",
                            "peer",
                            "spine",
                            "superspine",
                            "unused"
                          ],
                          "port_speed": "1G"
                        }
                      ],
                      "rows": 1
                    },
                    {
                      "columns": 10,
                      "port_groups": [
                        {
                          "port_count": 10,
                          "port_roles": [
                            "access",
                            "generic",
                            "leaf",
                            "peer",
                            "spine",
                            "superspine",
                            "unused"
                          ],
                          "port_speed": "1G"
                        }
                      ],
                      "rows": 1
                    },
                    {
                      "columns": 2,
                      "port_groups": [
                        {
                          "port_count": 2,
                          "port_roles": [
                            "access",
                            "generic",
                            "leaf",
                            "peer",
                            "spine",
                            "superspine",
                            "unused"
                          ],
                          "port_speed": "10G"
                        }
                      ],
                      "rows": 1
                    },
                    {
                      "columns": 2,
                      "port_groups": [
                        {
                          "port_count": 2,
                          "port_roles": [
                            "access",
                            "generic",
                            "leaf",
                            "peer",
                            "spine",
                            "superspine",
                            "unused"
                          ],
                          "port_speed": "10G"
                        }
                      ],
                      "rows": 1
                    }
                  ]
                },
                "logical_device_id": "AOS-20x1_4x10-vEX9214",
                "mlag_info": null,
                "redundancy_protocol": "esi",
                "spine_link_count": 1,
                "spine_link_speed": "10G",
                "tag_ids": null,
                "tags": null
              }
            },
            "name": "DC-border-rack"
          },
          "sensitive_attributes": [],
          "dependencies": [
            "data.apstra_logical_device.selected"
          ]
        },
        {
          "index_key": "server-rack",
          "schema_version": 0,
          "attributes": {
            "access_switches": null,
            "description": "server rack",
            "fabric_connectivity_design": "l3clos",
            "generic_systems": null,
            "id": "1yw7jjubsrcu65lfwlmkyw",
            "leaf_switches": {
              "leaf_switch": {
                "logical_device": {
                  "id": null,
                  "name": "AOS-20x1+4x10-vEX9214",
                  "panels": [
                    {
                      "columns": 10,
                      "port_groups": [
                        {
                          "port_count": 10,
                          "port_roles": [
                            "access",
                            "generic",
                            "leaf",
                            "peer",
                            "spine",
                            "superspine",
                            "unused"
                          ],
                          "port_speed": "1G"
                        }
                      ],
                      "rows": 1
                    },
                    {
                      "columns": 10,
                      "port_groups": [
                        {
                          "port_count": 10,
                          "port_roles": [
                            "access",
                            "generic",
                            "leaf",
                            "peer",
                            "spine",
                            "superspine",
                            "unused"
                          ],
                          "port_speed": "1G"
                        }
                      ],
                      "rows": 1
                    },
                    {
                      "columns": 2,
                      "port_groups": [
                        {
                          "port_count": 2,
                          "port_roles": [
                            "access",
                            "generic",
                            "leaf",
                            "peer",
                            "spine",
                            "superspine",
                            "unused"
                          ],
                          "port_speed": "10G"
                        }
                      ],
                      "rows": 1
                    },
                    {
                      "columns": 2,
                      "port_groups": [
                        {
                          "port_count": 2,
                          "port_roles": [
                            "access",
                            "generic",
                            "leaf",
                            "peer",
                            "spine",
                            "superspine",
                            "unused"
                          ],
                          "port_speed": "10G"
                        }
                      ],
                      "rows": 1
                    }
                  ]
                },
                "logical_device_id": "AOS-20x1_4x10-vEX9214",
                "mlag_info": null,
                "redundancy_protocol": "esi",
                "spine_link_count": 1,
                "spine_link_speed": "10G",
                "tag_ids": null,
                "tags": null
              }
            },
            "name": "DC-server-rack"
          },
          "sensitive_attributes": [],
          "dependencies": [
            "data.apstra_logical_device.selected"
          ]
        }
      ]
    },
    {
      "mode": "managed",
      "type": "apstra_vni_pool",
      "name": "all",
      "provider": "provider[\"registry.terraform.io/juniper/apstra\"]",
      "instances": [
        {
          "index_key": "dc1-vni",
          "schema_version": 0,
          "attributes": {
            "id": "183413a5-77d6-46f0-9a9d-5e574ba83355",
            "name": "dc1-vni",
            "ranges": [
              {
                "first": 200000,
                "last": 600000,
                "status": "pool_element_available",
                "total": 400001,
                "used": 0,
                "used_percentage": 0
              }
            ],
            "status": "not_in_use",
            "total": 400001,
            "used": 0,
            "used_percentage": 0
          },
          "sensitive_attributes": []
        }
      ]
    }
  ],
  "check_results": null
}
